
Microsoft Visual Studio Solution File, Format Version 12.00
# Visual Studio Version 16
VisualStudioVersion = 16.0.31729.503
MinimumVisualStudioVersion = 10.0.40219.1
Project("{9A19103F-16F7-4668-BE54-9A1E7A4F7556}") = "DragonBallApi", "DragonBallApi\DragonBallApi.csproj", "{2374F063-C9C5-474C-BEA1-C5446AAE23B7}"
EndProject
Project("{FAE04EC0-301F-11D3-BF4B-00C04F79EFBC}") = "DragonBallApi.Tests", "DragonBallApi.Tests\DragonBallApi.Tests.csproj", "{73336F7A-43C7-4F6F-ABEE-BD4F2C2469C5}"
EndProject
Global
	GlobalSection(SolutionConfigurationPlatforms) = preSolution
		Debug|Any CPU = Debug|Any CPU
		Release|Any CPU = Release|Any CPU
	EndGlobalSection
	GlobalSection(ProjectConfigurationPlatforms) = postSolution
		{2374F063-C9C5-474C-BEA1-C5446AAE23B7}.Debug|Any CPU.ActiveCfg = Debug|Any CPU
		{2374F063-C9C5-474C-BEA1-C5446AAE23B7}.Debug|Any CPU.Build.0 = Debug|Any CPU
		{2374F063-C9C5-474C-BEA1-C5446AAE23B7}.Release|Any CPU.ActiveCfg = Release|Any CPU
		{2374F063-C9C5-474C-BEA1-C5446AAE23B7}.Release|Any CPU.Build.0 = Release|Any CPU
		{73336F7A-43C7-4F6F-ABEE-BD4F2C2469C5}.Debug|Any CPU.ActiveCfg = Debug|Any CPU
		{73336F7A-43C7-4F6F-ABEE-BD4F2C2469C5}.Debug|Any CPU.Build.0 = Debug|Any CPU
		{73336F7A-43C7-4F6F-ABEE-BD4F2C2469C5}.Release|Any CPU.ActiveCfg = Release|Any CPU
		{73336F7A-43C7-4F6F-ABEE-BD4F2C2469C5}.Release|Any CPU.Build.0 = Release|Any CPU
	EndGlobalSection
	GlobalSection(SolutionProperties) = preSolution
		HideSolutionNode = FALSE
	EndGlobalSection
	GlobalSection(ExtensibilityGlobals) = postSolution
		SolutionGuid = {7FF4ED1B-60C9-447B-8DBB-C6C56E246FDC}
	EndGlobalSection
EndGlobal
